
Microsoft Visual Studio Solution File, Format Version 11.00
# Visual C++ Express 2010
Project("{8BC9CEB8-8B4A-11D0-8D11-00A0C91BC942}") = "os", "os\os.vcxproj", "{66BA8A80-0506-46C4-90A7-6C851122B854}"
EndProject
Project("{8BC9CEB8-8B4A-11D0-8D11-00A0C91BC942}") = "stack_usage", "stack_usage\stack_usage.vcxproj", "{AA619469-1993-4B8A-8B1F-E988439FB218}"
EndProject
Project("{8BC9CEB8-8B4A-11D0-8D11-00A0C91BC942}") = "run_os_prog", "run_os_prog\run_os_prog.vcxproj", "{24980B39-B863-4FA5-AB14-7CEB1EC23AB7}"
EndProject
Project("{8BC9CEB8-8B4A-11D0-8D11-00A0C91BC942}") = "add_user_module", "add_user_module\add_user_module.vcxproj", "{B28723D6-7842-4509-A3BC-B6335CF89CF0}"
EndProject
Project("{8BC9CEB8-8B4A-11D0-8D11-00A0C91BC942}") = "profile_benchmark", "profile_benchmark\profile_benchmark.vcxproj", "{430E6616-2719-4943-BD29-FF77CC5717C8}"
EndProject
Project("{8BC9CEB8-8B4A-11D0-8D11-00A0C91BC942}") = "osbind", "osbind\osbind.vcxproj", "{2A1B3553-CE78-47C3-A7E1-3B8D758963FC}"
EndProject
Global
	GlobalSection(SolutionConfigurationPlatforms) = preSolution
		Debug|Win32 = Debug|Win32
		Release|Win32 = Release|Win32
	EndGlobalSection
	GlobalSection(ProjectConfigurationPlatforms) = postSolution
		{66BA8A80-0506-46C4-90A7-6C851122B854}.Debug|Win32.ActiveCfg = Debug|Win32
		{66BA8A80-0506-46C4-90A7-6C851122B854}.Debug|Win32.Build.0 = Debug|Win32
		{66BA8A80-0506-46C4-90A7-6C851122B854}.Release|Win32.ActiveCfg = Release|Win32
		{66BA8A80-0506-46C4-90A7-6C851122B854}.Release|Win32.Build.0 = Release|Win32
		{AA619469-1993-4B8A-8B1F-E988439FB218}.Debug|Win32.ActiveCfg = Debug|Win32
		{AA619469-1993-4B8A-8B1F-E988439FB218}.Debug|Win32.Build.0 = Debug|Win32
		{AA619469-1993-4B8A-8B1F-E988439FB218}.Release|Win32.ActiveCfg = Release|Win32
		{AA619469-1993-4B8A-8B1F-E988439FB218}.Release|Win32.Build.0 = Release|Win32
		{24980B39-B863-4FA5-AB14-7CEB1EC23AB7}.Debug|Win32.ActiveCfg = Debug|Win32
		{24980B39-B863-4FA5-AB14-7CEB1EC23AB7}.Debug|Win32.Build.0 = Debug|Win32
		{24980B39-B863-4FA5-AB14-7CEB1EC23AB7}.Release|Win32.ActiveCfg = Release|Win32
		{24980B39-B863-4FA5-AB14-7CEB1EC23AB7}.Release|Win32.Build.0 = Release|Win32
		{B28723D6-7842-4509-A3BC-B6335CF89CF0}.Debug|Win32.ActiveCfg = Debug|Win32
		{B28723D6-7842-4509-A3BC-B6335CF89CF0}.Debug|Win32.Build.0 = Debug|Win32
		{B28723D6-7842-4509-A3BC-B6335CF89CF0}.Release|Win32.ActiveCfg = Release|Win32
		{B28723D6-7842-4509-A3BC-B6335CF89CF0}.Release|Win32.Build.0 = Release|Win32
		{430E6616-2719-4943-BD29-FF77CC5717C8}.Debug|Win32.ActiveCfg = Debug|Win32
		{430E6616-2719-4943-BD29-FF77CC5717C8}.Debug|Win32.Build.0 = Debug|Win32
		{430E6616-2719-4943-BD29-FF77CC5717C8}.Release|Win32.ActiveCfg = Release|Win32
		{430E6616-2719-4943-BD29-FF77CC5717C8}.Release|Win32.Build.0 = Release|Win32
		{2A1B3553-CE78-47C3-A7E1-3B8D758963FC}.Debug|Win32.ActiveCfg = Debug|Win32
		{2A1B3553-CE78-47C3-A7E1-3B8D758963FC}.Debug|Win32.Build.0 = Debug|Win32
		{2A1B3553-CE78-47C3-A7E1-3B8D758963FC}.Release|Win32.ActiveCfg = Release|Win32
		{2A1B3553-CE78-47C3-A7E1-3B8D758963FC}.Release|Win32.Build.0 = Release|Win32
	EndGlobalSection
	GlobalSection(SolutionProperties) = preSolution
		HideSolutionNode = FALSE
	EndGlobalSection
EndGlobal
